
Microsoft Visual Studio Solution File, Format Version 12.00
# Visual Studio Version 16
VisualStudioVersion = 16.0.31129.286
MinimumVisualStudioVersion = 10.0.40219.1
Project("{FAE04EC0-301F-11D3-BF4B-00C04F79EFBC}") = "Zgadula", "Zgadula\Zgadula.csproj", "{C484B602-4823-4159-B121-F716C626505B}"
EndProject
Global
	GlobalSection(SolutionConfigurationPlatforms) = preSolution
		Debug|Any CPU = Debug|Any CPU
		Release|Any CPU = Release|Any CPU
	EndGlobalSection
	GlobalSection(ProjectConfigurationPlatforms) = postSolution
		{C484B602-4823-4159-B121-F716C626505B}.Debug|Any CPU.ActiveCfg = Debug|Any CPU
		{C484B602-4823-4159-B121-F716C626505B}.Debug|Any CPU.Build.0 = Debug|Any CPU
		{C484B602-4823-4159-B121-F716C626505B}.Release|Any CPU.ActiveCfg = Release|Any CPU
		{C484B602-4823-4159-B121-F716C626505B}.Release|Any CPU.Build.0 = Release|Any CPU
	EndGlobalSection
	GlobalSection(SolutionProperties) = preSolution
		HideSolutionNode = FALSE
	EndGlobalSection
	GlobalSection(ExtensibilityGlobals) = postSolution
		SolutionGuid = {20308EBA-AFC2-4547-BA1D-759557E90611}
	EndGlobalSection
EndGlobal
